// !$*UTF8*$!
{
	archiveVersion = 1;
	classes = {
	};
	objectVersion = 54;
	objects = {

/* Begin PBXBuildFile section */
		5A256D9429A489B900897C99 /* AppDelegate.swift in Sources */ = {isa = PBXBuildFile; fileRef = 5A256D9329A489B900897C99 /* AppDelegate.swift */; };
		5A256D9829A489B900897C99 /* HomeViewController.swift in Sources */ = {isa = PBXBuildFile; fileRef = 5A256D9729A489B900897C99 /* HomeViewController.swift */; };
		5A256D9B29A489B900897C99 /* Main.storyboard in Resources */ = {isa = PBXBuildFile; fileRef = 5A256D9929A489B900897C99 /* Main.storyboard */; };
		5A256D9D29A489BB00897C99 /* Assets.xcassets in Resources */ = {isa = PBXBuildFile; fileRef = 5A256D9C29A489BB00897C99 /* Assets.xcassets */; };
		5A256DA029A489BB00897C99 /* LaunchScreen.storyboard in Resources */ = {isa = PBXBuildFile; fileRef = 5A256D9E29A489BB00897C99 /* LaunchScreen.storyboard */; };
		5AD6ED4929B0A1F60040A337 /* FiveStarEmoji in Frameworks */ = {isa = PBXBuildFile; productRef = 5AD6ED4829B0A1F60040A337 /* FiveStarEmoji */; };
/* End PBXBuildFile section */

/* Begin PBXFileReference section */
		5A256D9029A489B900897C99 /* FiveStarEmoji-Example.app */ = {isa = PBXFileReference; explicitFileType = wrapper.application; includeInIndex = 0; path = "FiveStarEmoji-Example.app"; sourceTree = BUILT_PRODUCTS_DIR; };
		5A256D9329A489B900897C99 /* AppDelegate.swift */ = {isa = PBXFileReference; lastKnownFileType = sourcecode.swift; path = AppDelegate.swift; sourceTree = "<group>"; };
		5A256D9729A489B900897C99 /* HomeViewController.swift */ = {isa = PBXFileReference; lastKnownFileType = sourcecode.swift; path = HomeViewController.swift; sourceTree = "<group>"; };
		5A256D9A29A489B900897C99 /* Base */ = {isa = PBXFileReference; lastKnownFileType = file.storyboard; name = Base; path = Base.lproj/Main.storyboard; sourceTree = "<group>"; };
		5A256D9C29A489BB00897C99 /* Assets.xcassets */ = {isa = PBXFileReference; lastKnownFileType = folder.assetcatalog; path = Assets.xcassets; sourceTree = "<group>"; };
		5A256D9F29A489BB00897C99 /* Base */ = {isa = PBXFileReference; lastKnownFileType = file.storyboard; name = Base; path = Base.lproj/LaunchScreen.storyboard; sourceTree = "<group>"; };
		5A256DA129A489BB00897C99 /* Info.plist */ = {isa = PBXFileReference; lastKnownFileType = text.plist.xml; path = Info.plist; sourceTree = "<group>"; };
		5AD6ED4729B0A1E90040A337 /* FiveStarEmoji-Example */ = {isa = PBXFileReference; lastKnownFileType = wrapper; name = "FiveStarEmoji-Example"; path = ..; sourceTree = "<group>"; };
/* End PBXFileReference section */

/* Begin PBXFrameworksBuildPhase section */
		5A256D8D29A489B900897C99 /* Frameworks */ = {
			isa = PBXFrameworksBuildPhase;
			buildActionMask = 2147483647;
			files = (
				5AD6ED4929B0A1F60040A337 /* FiveStarEmoji in Frameworks */,
			);
			runOnlyForDeploymentPostprocessing = 0;
		};
/* End PBXFrameworksBuildPhase section */

/* Begin PBXGroup section */
		5A256D8729A489B900897C99 = {
			isa = PBXGroup;
			children = (
				5AD6ED4629B0A1E90040A337 /* Packages */,
				5A256D9229A489B900897C99 /* FiveStarEmoji-Example */,
				5A256D9129A489B900897C99 /* Products */,
				5A256DAF29A4F57200897C99 /* Frameworks */,
			);
			sourceTree = "<group>";
		};
		5A256D9129A489B900897C99 /* Products */ = {
			isa = PBXGroup;
			children = (
				5A256D9029A489B900897C99 /* FiveStarEmoji-Example.app */,
			);
			name = Products;
			sourceTree = "<group>";
		};
		5A256D9229A489B900897C99 /* FiveStarEmoji-Example */ = {
			isa = PBXGroup;
			children = (
				5A256DA829A48DD600897C99 /* AppDelegate */,
				5A256DA929A48DEC00897C99 /* ViewController */,
				5A256DAA29A48DFC00897C99 /* Storyboard */,
				5A256DA729A48DCC00897C99 /* Global */,
			);
			path = "FiveStarEmoji-Example";
			sourceTree = "<group>";
		};
		5A256DA729A48DCC00897C99 /* Global */ = {
			isa = PBXGroup;
			children = (
				5A256D9C29A489BB00897C99 /* Assets.xcassets */,
				5A256D9E29A489BB00897C99 /* LaunchScreen.storyboard */,
				5A256DA129A489BB00897C99 /* Info.plist */,
			);
			path = Global;
			sourceTree = "<group>";
		};
		5A256DA829A48DD600897C99 /* AppDelegate */ = {
			isa = PBXGroup;
			children = (
				5A256D9329A489B900897C99 /* AppDelegate.swift */,
			);
			path = AppDelegate;
			sourceTree = "<group>";
		};
		5A256DA929A48DEC00897C99 /* ViewController */ = {
			isa = PBXGroup;
			children = (
				5A256D9729A489B900897C99 /* HomeViewController.swift */,
			);
			path = ViewController;
			sourceTree = "<group>";
		};
		5A256DAA29A48DFC00897C99 /* Storyboard */ = {
			isa = PBXGroup;
			children = (
				5A256D9929A489B900897C99 /* Main.storyboard */,
			);
			path = Storyboard;
			sourceTree = "<group>";
		};
		5A256DAF29A4F57200897C99 /* Frameworks */ = {
			isa = PBXGroup;
			children = (
			);
			name = Frameworks;
			sourceTree = "<group>";
		};
		5AD6ED4629B0A1E90040A337 /* Packages */ = {
			isa = PBXGroup;
			children = (
				5AD6ED4729B0A1E90040A337 /* FiveStarEmoji-Example */,
			);
			name = Packages;
			sourceTree = "<group>";
		};
/* End PBXGroup section */

/* Begin PBXNativeTarget section */
		5A256D8F29A489B900897C99 /* FiveStarEmoji-Example */ = {
			isa = PBXNativeTarget;
			buildConfigurationList = 5A256DA429A489BB00897C99 /* Build configuration list for PBXNativeTarget "FiveStarEmoji-Example" */;
			buildPhases = (
				5A256D8C29A489B900897C99 /* Sources */,
				5A256D8D29A489B900897C99 /* Frameworks */,
				5A256D8E29A489B900897C99 /* Resources */,
			);
			buildRules = (
			);
			dependencies = (
			);
			name = "FiveStarEmoji-Example";
			packageProductDependencies = (
				5AD6ED4829B0A1F60040A337 /* FiveStarEmoji */,
			);
			productName = FiveStarEmoji;
			productReference = 5A256D9029A489B900897C99 /* FiveStarEmoji-Example.app */;
			productType = "com.apple.product-type.application";
		};
/* End PBXNativeTarget section */

/* Begin PBXProject section */
		5A256D8829A489B900897C99 /* Project object */ = {
			isa = PBXProject;
			attributes = {
				BuildIndependentTargetsInParallel = 1;
				LastSwiftUpdateCheck = 1420;
				LastUpgradeCheck = 1420;
				TargetAttributes = {
					5A256D8F29A489B900897C99 = {
						CreatedOnToolsVersion = 14.2;
					};
				};
			};
			buildConfigurationList = 5A256D8B29A489B900897C99 /* Build configuration list for PBXProject "FiveStarEmoji-Example" */;
			compatibilityVersion = "Xcode 12.0";
			developmentRegion = en;
			hasScannedForEncodings = 0;
			knownRegions = (
				en,
				Base,
			);
			mainGroup = 5A256D8729A489B900897C99;
			productRefGroup = 5A256D9129A489B900897C99 /* Products */;
			projectDirPath = "";
			projectRoot = "";
			targets = (
				5A256D8F29A489B900897C99 /* FiveStarEmoji-Example */,
			);
		};
/* End PBXProject section */

/* Begin PBXResourcesBuildPhase section */
		5A256D8E29A489B900897C99 /* Resources */ = {
			isa = PBXResourcesBuildPhase;
			buildActionMask = 2147483647;
			files = (
				5A256DA029A489BB00897C99 /* LaunchScreen.storyboard in Resources */,
				5A256D9D29A489BB00897C99 /* Assets.xcassets in Resources */,
				5A256D9B29A489B900897C99 /* Main.storyboard in Resources */,
			);
			runOnlyForDeploymentPostprocessing = 0;
		};
/* End PBXResourcesBuildPhase section */

/* Begin PBXSourcesBuildPhase section */
		5A256D8C29A489B900897C99 /* Sources */ = {
			isa = PBXSourcesBuildPhase;
			buildActionMask = 2147483647;
			files = (
				5A256D9829A489B900897C99 /* HomeViewController.swift in Sources */,
				5A256D9429A489B900897C99 /* AppDelegate.swift in Sources */,
			);
			runOnlyForDeploymentPostprocessing = 0;
		};
/* End PBXSourcesBuildPhase section */

/* Begin PBXVariantGroup section */
		5A256D9929A489B900897C99 /* Main.storyboard */ = {
			isa = PBXVariantGroup;
			children = (
				5A256D9A29A489B900897C99 /* Base */,
			);
			name = Main.storyboard;
			sourceTree = "<group>";
		};
		5A256D9E29A489BB00897C99 /* LaunchScreen.storyboard */ = {
			isa = PBXVariantGroup;
			children = (
				5A256D9F29A489BB00897C99 /* Base */,
			);
			name = LaunchScreen.storyboard;
			sourceTree = "<group>";
		};
/* End PBXVariantGroup section */

/* Begin XCBuildConfiguration section */
		5A256DA229A489BB00897C99 /* Debug */ = {
			isa = XCBuildConfiguration;
			buildSettings = {
				ALWAYS_SEARCH_USER_PATHS = NO;
				CLANG_ANALYZER_NONNULL = YES;
				CLANG_ANALYZER_NUMBER_OBJECT_CONVERSION = YES_AGGRESSIVE;
				CLANG_CXX_LANGUAGE_STANDARD = "gnu++20";
				CLANG_ENABLE_MODULES = YES;
				CLANG_ENABLE_OBJC_ARC = YES;
				CLANG_ENABLE_OBJC_WEAK = YES;
				CLANG_WARN_BLOCK_CAPTURE_AUTORELEASING = YES;
				CLANG_WARN_BOOL_CONVERSION = YES;
				CLANG_WARN_COMMA = YES;
				CLANG_WARN_CONSTANT_CONVERSION = YES;
				CLANG_WARN_DEPRECATED_OBJC_IMPLEMENTATIONS = YES;
				CLANG_WARN_DIRECT_OBJC_ISA_USAGE = YES_ERROR;
				CLANG_WARN_DOCUMENTATION_COMMENTS = YES;
				CLANG_WARN_EMPTY_BODY = YES;
				CLANG_WARN_ENUM_CONVERSION = YES;
				CLANG_WARN_INFINITE_RECURSION = YES;
				CLANG_WARN_INT_CONVERSION = YES;
				CLANG_WARN_NON_LITERAL_NULL_CONVERSION = YES;
				CLANG_WARN_OBJC_IMPLICIT_RETAIN_SELF = YES;
				CLANG_WARN_OBJC_LITERAL_CONVERSION = YES;
				CLANG_WARN_OBJC_ROOT_CLASS = YES_ERROR;
				CLANG_WARN_QUOTED_INCLUDE_IN_FRAMEWORK_HEADER = YES;
				CLANG_WARN_RANGE_LOOP_ANALYSIS = YES;
				CLANG_WARN_STRICT_PROTOTYPES = YES;
				CLANG_WARN_SUSPICIOUS_MOVE = YES;
				CLANG_WARN_UNGUARDED_AVAILABILITY = YES_AGGRESSIVE;
				CLANG_WARN_UNREACHABLE_CODE = YES;
				CLANG_WARN__DUPLICATE_METHOD_MATCH = YES;
				COPY_PHASE_STRIP = NO;
				DEBUG_INFORMATION_FORMAT = dwarf;
				ENABLE_STRICT_OBJC_MSGSEND = YES;
				ENABLE_TESTABILITY = YES;
				GCC_C_LANGUAGE_STANDARD = gnu11;
				GCC_DYNAMIC_NO_PIC = NO;
				GCC_NO_COMMON_BLOCKS = YES;
				GCC_OPTIMIZATION_LEVEL = 0;
				GCC_PREPROCESSOR_DEFINITIONS = (
					"DEBUG=1",
					"$(inherited)",
				);
				GCC_WARN_64_TO_32_BIT_CONVERSION = YES;
				GCC_WARN_ABOUT_RETURN_TYPE = YES_ERROR;
				GCC_WARN_UNDECLARED_SELECTOR = YES;
				GCC_WARN_UNINITIALIZED_AUTOS = YES_AGGRESSIVE;
				GCC_WARN_UNUSED_FUNCTION = YES;
				GCC_WARN_UNUSED_VARIABLE = YES;
				IPHONEOS_DEPLOYMENT_TARGET = 16.2;
				MTL_ENABLE_DEBUG_INFO = INCLUDE_SOURCE;
				MTL_FAST_MATH = YES;
				ONLY_ACTIVE_ARCH = YES;
				SDKROOT = iphoneos;
				SWIFT_ACTIVE_COMPILATION_CONDITIONS = DEBUG;
				SWIFT_OPTIMIZATION_LEVEL = "-Onone";
			};
			name = Debug;
		};
		5A256DA329A489BB00897C99 /* Release */ = {
			isa = XCBuildConfiguration;
			buildSettings = {
				ALWAYS_SEARCH_USER_PATHS = NO;
				CLANG_ANALYZER_NONNULL = YES;
				CLANG_ANALYZER_NUMBER_OBJECT_CONVERSION = YES_AGGRESSIVE;
				CLANG_CXX_LANGUAGE_STANDARD = "gnu++20";
				CLANG_ENABLE_MODULES = YES;
				CLANG_ENABLE_OBJC_ARC = YES;
				CLANG_ENABLE_OBJC_WEAK = YES;
				CLANG_WARN_BLOCK_CAPTURE_AUTORELEASING = YES;
				CLANG_WARN_BOOL_CONVERSION = YES;
				CLANG_WARN_COMMA = YES;
				CLANG_WARN_CONSTANT_CONVERSION = YES;
				CLANG_WARN_DEPRECATED_OBJC_IMPLEMENTATIONS = YES;
				CLANG_WARN_DIRECT_OBJC_ISA_USAGE = YES_ERROR;
				CLANG_WARN_DOCUMENTATION_COMMENTS = YES;
				CLANG_WARN_EMPTY_BODY = YES;
				CLANG_WARN_ENUM_CONVERSION = YES;
				CLANG_WARN_INFINITE_RECURSION = YES;
				CLANG_WARN_INT_CONVERSION = YES;
				CLANG_WARN_NON_LITERAL_NULL_CONVERSION = YES;
				CLANG_WARN_OBJC_IMPLICIT_RETAIN_SELF = YES;
				CLANG_WARN_OBJC_LITERAL_CONVERSION = YES;
				CLANG_WARN_OBJC_ROOT_CLASS = YES_ERROR;
				CLANG_WARN_QUOTED_INCLUDE_IN_FRAMEWORK_HEADER = YES;
				CLANG_WARN_RANGE_LOOP_ANALYSIS = YES;
				CLANG_WARN_STRICT_PROTOTYPES = YES;
				CLANG_WARN_SUSPICIOUS_MOVE = YES;
				CLANG_WARN_UNGUARDED_AVAILABILITY = YES_AGGRESSIVE;
				CLANG_WARN_UNREACHABLE_CODE = YES;
				CLANG_WARN__DUPLICATE_METHOD_MATCH = YES;
				COPY_PHASE_STRIP = NO;
				DEBUG_INFORMATION_FORMAT = "dwarf-with-dsym";
				ENABLE_NS_ASSERTIONS = NO;
				ENABLE_STRICT_OBJC_MSGSEND = YES;
				GCC_C_LANGUAGE_STANDARD = gnu11;
				GCC_NO_COMMON_BLOCKS = YES;
				GCC_WARN_64_TO_32_BIT_CONVERSION = YES;
				GCC_WARN_ABOUT_RETURN_TYPE = YES_ERROR;
				GCC_WARN_UNDECLARED_SELECTOR = YES;
				GCC_WARN_UNINITIALIZED_AUTOS = YES_AGGRESSIVE;
				GCC_WARN_UNUSED_FUNCTION = YES;
				GCC_WARN_UNUSED_VARIABLE = YES;
				IPHONEOS_DEPLOYMENT_TARGET = 16.2;
				MTL_ENABLE_DEBUG_INFO = NO;
				MTL_FAST_MATH = YES;
				SDKROOT = iphoneos;
				SWIFT_COMPILATION_MODE = wholemodule;
				SWIFT_OPTIMIZATION_LEVEL = "-O";
				VALIDATE_PRODUCT = YES;
			};
			name = Release;
		};
		5A256DA529A489BB00897C99 /* Debug */ = {
			isa = XCBuildConfiguration;
			buildSettings = {
				ASSETCATALOG_COMPILER_APPICON_NAME = AppIcon;
				ASSETCATALOG_COMPILER_GLOBAL_ACCENT_COLOR_NAME = AccentColor;
				CODE_SIGN_STYLE = Automatic;
				CURRENT_PROJECT_VERSION = 1;
				DEVELOPMENT_TEAM = 6CWF679Z8N;
				GENERATE_INFOPLIST_FILE = YES;
				INFOPLIST_FILE = "FiveStarEmoji-Example/Global/Info.plist";
				INFOPLIST_KEY_UIApplicationSupportsIndirectInputEvents = YES;
				INFOPLIST_KEY_UILaunchStoryboardName = LaunchScreen;
				INFOPLIST_KEY_UIMainStoryboardFile = Main;
				IPHONEOS_DEPLOYMENT_TARGET = 12.1;
				LD_RUNPATH_SEARCH_PATHS = (
					"$(inherited)",
					"@executable_path/Frameworks",
				);
				MARKETING_VERSION = 1.0;
				PRODUCT_BUNDLE_IDENTIFIER = "Sparkout-Tech-Solution-Pvt-Ltd.FiveStarEmoji";
				PRODUCT_NAME = "$(TARGET_NAME)";
				SWIFT_EMIT_LOC_STRINGS = YES;
				SWIFT_VERSION = 5.0;
				TARGETED_DEVICE_FAMILY = "1,2";
			};
			name = Debug;
		};
		5A256DA629A489BB00897C99 /* Release */ = {
			isa = XCBuildConfiguration;
			buildSettings = {
				ASSETCATALOG_COMPILER_APPICON_NAME = AppIcon;
				ASSETCATALOG_COMPILER_GLOBAL_ACCENT_COLOR_NAME = AccentColor;
				CODE_SIGN_STYLE = Automatic;
				CURRENT_PROJECT_VERSION = 1;
				DEVELOPMENT_TEAM = 6CWF679Z8N;
				GENERATE_INFOPLIST_FILE = YES;
				INFOPLIST_FILE = "FiveStarEmoji-Example/Global/Info.plist";
				INFOPLIST_KEY_UIApplicationSupportsIndirectInputEvents = YES;
				INFOPLIST_KEY_UILaunchStoryboardName = LaunchScreen;
				INFOPLIST_KEY_UIMainStoryboardFile = Main;
				IPHONEOS_DEPLOYMENT_TARGET = 12.1;
				LD_RUNPATH_SEARCH_PATHS = (
					"$(inherited)",
					"@executable_path/Frameworks",
				);
				MARKETING_VERSION = 1.0;
				PRODUCT_BUNDLE_IDENTIFIER = "Sparkout-Tech-Solution-Pvt-Ltd.FiveStarEmoji";
				PRODUCT_NAME = "$(TARGET_NAME)";
				SWIFT_EMIT_LOC_STRINGS = YES;
				SWIFT_VERSION = 5.0;
				TARGETED_DEVICE_FAMILY = "1,2";
			};
			name = Release;
		};
/* End XCBuildConfiguration section */

/* Begin XCConfigurationList section */
		5A256D8B29A489B900897C99 /* Build configuration list for PBXProject "FiveStarEmoji-Example" */ = {
			isa = XCConfigurationList;
			buildConfigurations = (
				5A256DA229A489BB00897C99 /* Debug */,
				5A256DA329A489BB00897C99 /* Release */,
			);
			defaultConfigurationIsVisible = 0;
			defaultConfigurationName = Release;
		};
		5A256DA429A489BB00897C99 /* Build configuration list for PBXNativeTarget "FiveStarEmoji-Example" */ = {
			isa = XCConfigurationList;
			buildConfigurations = (
				5A256DA529A489BB00897C99 /* Debug */,
				5A256DA629A489BB00897C99 /* Release */,
			);
			defaultConfigurationIsVisible = 0;
			defaultConfigurationName = Release;
		};
/* End XCConfigurationList section */

/* Begin XCSwiftPackageProductDependency section */
		5AD6ED4829B0A1F60040A337 /* FiveStarEmoji */ = {
			isa = XCSwiftPackageProductDependency;
			productName = FiveStarEmoji;
		};
/* End XCSwiftPackageProductDependency section */
	};
	rootObject = 5A256D8829A489B900897C99 /* Project object */;
}
